
Microsoft Visual Studio Solution File, Format Version 12.00
# Visual Studio Version 17
VisualStudioVersion = 17.0.32014.148
MinimumVisualStudioVersion = 10.0.40219.1
Project("{FAE04EC0-301F-11D3-BF4B-00C04F79EFBC}") = "Siemens", "Siemens.csproj", "{D865F209-1560-4DC6-B366-4AA1A71A185B}"
EndProject
Global
	GlobalSection(SolutionConfigurationPlatforms) = preSolution
		Debug|Any CPU = Debug|Any CPU
		Release|Any CPU = Release|Any CPU
	EndGlobalSection
	GlobalSection(ProjectConfigurationPlatforms) = postSolution
		{D865F209-1560-4DC6-B366-4AA1A71A185B}.Debug|Any CPU.ActiveCfg = Debug|Any CPU
		{D865F209-1560-4DC6-B366-4AA1A71A185B}.Debug|Any CPU.Build.0 = Debug|Any CPU
		{D865F209-1560-4DC6-B366-4AA1A71A185B}.Release|Any CPU.ActiveCfg = Release|Any CPU
		{D865F209-1560-4DC6-B366-4AA1A71A185B}.Release|Any CPU.Build.0 = Release|Any CPU
	EndGlobalSection
	GlobalSection(SolutionProperties) = preSolution
		HideSolutionNode = FALSE
	EndGlobalSection
	GlobalSection(ExtensibilityGlobals) = postSolution
		SolutionGuid = {DA8FF77A-81FA-4AC0-9A94-13017212C183}
	EndGlobalSection
EndGlobal
